// !$*UTF8*$!
{
	archiveVersion = 1;
	classes = {
	};
	objectVersion = 48;
	objects = {

/* Begin PBXBuildFile section */
		DE61FA4920930B4300BC9D5B /* AppDelegate.swift in Sources */ = {isa = PBXBuildFile; fileRef = DE61FA4820930B4300BC9D5B /* AppDelegate.swift */; };
		DE61FA4B20930B4300BC9D5B /* ViewController.swift in Sources */ = {isa = PBXBuildFile; fileRef = DE61FA4A20930B4300BC9D5B /* ViewController.swift */; };
		DE61FA4E20930B4300BC9D5B /* Main.storyboard in Resources */ = {isa = PBXBuildFile; fileRef = DE61FA4C20930B4300BC9D5B /* Main.storyboard */; };
		DE61FA5020930B4300BC9D5B /* Assets.xcassets in Resources */ = {isa = PBXBuildFile; fileRef = DE61FA4F20930B4300BC9D5B /* Assets.xcassets */; };
		DE61FA5320930B4300BC9D5B /* LaunchScreen.storyboard in Resources */ = {isa = PBXBuildFile; fileRef = DE61FA5120930B4300BC9D5B /* LaunchScreen.storyboard */; };
		DE61FA5E20930B4300BC9D5B /* GitTestTests.swift in Sources */ = {isa = PBXBuildFile; fileRef = DE61FA5D20930B4300BC9D5B /* GitTestTests.swift */; };
		DE61FA6920930B4300BC9D5B /* GitTestUITests.swift in Sources */ = {isa = PBXBuildFile; fileRef = DE61FA6820930B4300BC9D5B /* GitTestUITests.swift */; };
/* End PBXBuildFile section */

/* Begin PBXContainerItemProxy section */
		DE61FA5A20930B4300BC9D5B /* PBXContainerItemProxy */ = {
			isa = PBXContainerItemProxy;
			containerPortal = DE61FA3D20930B4300BC9D5B /* Project object */;
			proxyType = 1;
			remoteGlobalIDString = DE61FA4420930B4300BC9D5B;
			remoteInfo = GitTest;
		};
		DE61FA6520930B4300BC9D5B /* PBXContainerItemProxy */ = {
			isa = PBXContainerItemProxy;
			containerPortal = DE61FA3D20930B4300BC9D5B /* Project object */;
			proxyType = 1;
			remoteGlobalIDString = DE61FA4420930B4300BC9D5B;
			remoteInfo = GitTest;
		};
/* End PBXContainerItemProxy section */

/* Begin PBXFileReference section */
		DE61FA4520930B4300BC9D5B /* GitTest.app */ = {isa = PBXFileReference; explicitFileType = wrapper.application; includeInIndex = 0; path = GitTest.app; sourceTree = BUILT_PRODUCTS_DIR; };
		DE61FA4820930B4300BC9D5B /* AppDelegate.swift */ = {isa = PBXFileReference; lastKnownFileType = sourcecode.swift; path = AppDelegate.swift; sourceTree = "<group>"; };
		DE61FA4A20930B4300BC9D5B /* ViewController.swift */ = {isa = PBXFileReference; lastKnownFileType = sourcecode.swift; path = ViewController.swift; sourceTree = "<group>"; };
		DE61FA4D20930B4300BC9D5B /* Base */ = {isa = PBXFileReference; lastKnownFileType = file.storyboard; name = Base; path = Base.lproj/Main.storyboard; sourceTree = "<group>"; };
		DE61FA4F20930B4300BC9D5B /* Assets.xcassets */ = {isa = PBXFileReference; lastKnownFileType = folder.assetcatalog; path = Assets.xcassets; sourceTree = "<group>"; };
		DE61FA5220930B4300BC9D5B /* Base */ = {isa = PBXFileReference; lastKnownFileType = file.storyboard; name = Base; path = Base.lproj/LaunchScreen.storyboard; sourceTree = "<group>"; };
		DE61FA5420930B4300BC9D5B /* Info.plist */ = {isa = PBXFileReference; lastKnownFileType = text.plist.xml; path = Info.plist; sourceTree = "<group>"; };
		DE61FA5920930B4300BC9D5B /* GitTestTests.xctest */ = {isa = PBXFileReference; explicitFileType = wrapper.cfbundle; includeInIndex = 0; path = GitTestTests.xctest; sourceTree = BUILT_PRODUCTS_DIR; };
		DE61FA5D20930B4300BC9D5B /* GitTestTests.swift */ = {isa = PBXFileReference; lastKnownFileType = sourcecode.swift; path = GitTestTests.swift; sourceTree = "<group>"; };
		DE61FA5F20930B4300BC9D5B /* Info.plist */ = {isa = PBXFileReference; lastKnownFileType = text.plist.xml; path = Info.plist; sourceTree = "<group>"; };
		DE61FA6420930B4300BC9D5B /* GitTestUITests.xctest */ = {isa = PBXFileReference; explicitFileType = wrapper.cfbundle; includeInIndex = 0; path = GitTestUITests.xctest; sourceTree = BUILT_PRODUCTS_DIR; };
		DE61FA6820930B4300BC9D5B /* GitTestUITests.swift */ = {isa = PBXFileReference; lastKnownFileType = sourcecode.swift; path = GitTestUITests.swift; sourceTree = "<group>"; };
		DE61FA6A20930B4300BC9D5B /* Info.plist */ = {isa = PBXFileReference; lastKnownFileType = text.plist.xml; path = Info.plist; sourceTree = "<group>"; };
/* End PBXFileReference section */

/* Begin PBXFrameworksBuildPhase section */
		DE61FA4220930B4300BC9D5B /* Frameworks */ = {
			isa = PBXFrameworksBuildPhase;
			buildActionMask = 2147483647;
			files = (
			);
			runOnlyForDeploymentPostprocessing = 0;
		};
		DE61FA5620930B4300BC9D5B /* Frameworks */ = {
			isa = PBXFrameworksBuildPhase;
			buildActionMask = 2147483647;
			files = (
			);
			runOnlyForDeploymentPostprocessing = 0;
		};
		DE61FA6120930B4300BC9D5B /* Frameworks */ = {
			isa = PBXFrameworksBuildPhase;
			buildActionMask = 2147483647;
			files = (
			);
			runOnlyForDeploymentPostprocessing = 0;
		};
/* End PBXFrameworksBuildPhase section */

/* Begin PBXGroup section */
		DE61FA3C20930B4300BC9D5B = {
			isa = PBXGroup;
			children = (
				DE61FA4720930B4300BC9D5B /* GitTest */,
				DE61FA5C20930B4300BC9D5B /* GitTestTests */,
				DE61FA6720930B4300BC9D5B /* GitTestUITests */,
				DE61FA4620930B4300BC9D5B /* Products */,
			);
			sourceTree = "<group>";
		};
		DE61FA4620930B4300BC9D5B /* Products */ = {
			isa = PBXGroup;
			children = (
				DE61FA4520930B4300BC9D5B /* GitTest.app */,
				DE61FA5920930B4300BC9D5B /* GitTestTests.xctest */,
				DE61FA6420930B4300BC9D5B /* GitTestUITests.xctest */,
			);
			name = Products;
			sourceTree = "<group>";
		};
		DE61FA4720930B4300BC9D5B /* GitTest */ = {
			isa = PBXGroup;
			children = (
				DE61FA4820930B4300BC9D5B /* AppDelegate.swift */,
				DE61FA4A20930B4300BC9D5B /* ViewController.swift */,
				DE61FA4C20930B4300BC9D5B /* Main.storyboard */,
				DE61FA4F20930B4300BC9D5B /* Assets.xcassets */,
				DE61FA5120930B4300BC9D5B /* LaunchScreen.storyboard */,
				DE61FA5420930B4300BC9D5B /* Info.plist */,
			);
			path = GitTest;
			sourceTree = "<group>";
		};
		DE61FA5C20930B4300BC9D5B /* GitTestTests */ = {
			isa = PBXGroup;
			children = (
				DE61FA5D20930B4300BC9D5B /* GitTestTests.swift */,
				DE61FA5F20930B4300BC9D5B /* Info.plist */,
			);
			path = GitTestTests;
			sourceTree = "<group>";
		};
		DE61FA6720930B4300BC9D5B /* GitTestUITests */ = {
			isa = PBXGroup;
			children = (
				DE61FA6820930B4300BC9D5B /* GitTestUITests.swift */,
				DE61FA6A20930B4300BC9D5B /* Info.plist */,
			);
			path = GitTestUITests;
			sourceTree = "<group>";
		};
/* End PBXGroup section */

/* Begin PBXNativeTarget section */
		DE61FA4420930B4300BC9D5B /* GitTest */ = {
			isa = PBXNativeTarget;
			buildConfigurationList = DE61FA6D20930B4300BC9D5B /* Build configuration list for PBXNativeTarget "GitTest" */;
			buildPhases = (
				DE61FA4120930B4300BC9D5B /* Sources */,
				DE61FA4220930B4300BC9D5B /* Frameworks */,
				DE61FA4320930B4300BC9D5B /* Resources */,
			);
			buildRules = (
			);
			dependencies = (
			);
			name = GitTest;
			productName = GitTest;
			productReference = DE61FA4520930B4300BC9D5B /* GitTest.app */;
			productType = "com.apple.product-type.application";
		};
		DE61FA5820930B4300BC9D5B /* GitTestTests */ = {
			isa = PBXNativeTarget;
			buildConfigurationList = DE61FA7020930B4300BC9D5B /* Build configuration list for PBXNativeTarget "GitTestTests" */;
			buildPhases = (
				DE61FA5520930B4300BC9D5B /* Sources */,
				DE61FA5620930B4300BC9D5B /* Frameworks */,
				DE61FA5720930B4300BC9D5B /* Resources */,
			);
			buildRules = (
			);
			dependencies = (
				DE61FA5B20930B4300BC9D5B /* PBXTargetDependency */,
			);
			name = GitTestTests;
			productName = GitTestTests;
			productReference = DE61FA5920930B4300BC9D5B /* GitTestTests.xctest */;
			productType = "com.apple.product-type.bundle.unit-test";
		};
		DE61FA6320930B4300BC9D5B /* GitTestUITests */ = {
			isa = PBXNativeTarget;
			buildConfigurationList = DE61FA7320930B4300BC9D5B /* Build configuration list for PBXNativeTarget "GitTestUITests" */;
			buildPhases = (
				DE61FA6020930B4300BC9D5B /* Sources */,
				DE61FA6120930B4300BC9D5B /* Frameworks */,
				DE61FA6220930B4300BC9D5B /* Resources */,
			);
			buildRules = (
			);
			dependencies = (
				DE61FA6620930B4300BC9D5B /* PBXTargetDependency */,
			);
			name = GitTestUITests;
			productName = GitTestUITests;
			productReference = DE61FA6420930B4300BC9D5B /* GitTestUITests.xctest */;
			productType = "com.apple.product-type.bundle.ui-testing";
		};
/* End PBXNativeTarget section */

/* Begin PBXProject section */
		DE61FA3D20930B4300BC9D5B /* Project object */ = {
			isa = PBXProject;
			attributes = {
				LastSwiftUpdateCheck = 0920;
				LastUpgradeCheck = 0920;
				ORGANIZATIONNAME = "赵迪";
				TargetAttributes = {
					DE61FA4420930B4300BC9D5B = {
						CreatedOnToolsVersion = 9.2;
						ProvisioningStyle = Automatic;
					};
					DE61FA5820930B4300BC9D5B = {
						CreatedOnToolsVersion = 9.2;
						ProvisioningStyle = Automatic;
						TestTargetID = DE61FA4420930B4300BC9D5B;
					};
					DE61FA6320930B4300BC9D5B = {
						CreatedOnToolsVersion = 9.2;
						ProvisioningStyle = Automatic;
						TestTargetID = DE61FA4420930B4300BC9D5B;
					};
				};
			};
			buildConfigurationList = DE61FA4020930B4300BC9D5B /* Build configuration list for PBXProject "GitTest" */;
			compatibilityVersion = "Xcode 8.0";
			developmentRegion = en;
			hasScannedForEncodings = 0;
			knownRegions = (
				en,
				Base,
			);
			mainGroup = DE61FA3C20930B4300BC9D5B;
			productRefGroup = DE61FA4620930B4300BC9D5B /* Products */;
			projectDirPath = "";
			projectRoot = "";
			targets = (
				DE61FA4420930B4300BC9D5B /* GitTest */,
				DE61FA5820930B4300BC9D5B /* GitTestTests */,
				DE61FA6320930B4300BC9D5B /* GitTestUITests */,
			);
		};
/* End PBXProject section */

/* Begin PBXResourcesBuildPhase section */
		DE61FA4320930B4300BC9D5B /* Resources */ = {
			isa = PBXResourcesBuildPhase;
			buildActionMask = 2147483647;
			files = (
				DE61FA5320930B4300BC9D5B /* LaunchScreen.storyboard in Resources */,
				DE61FA5020930B4300BC9D5B /* Assets.xcassets in Resources */,
				DE61FA4E20930B4300BC9D5B /* Main.storyboard in Resources */,
			);
			runOnlyForDeploymentPostprocessing = 0;
		};
		DE61FA5720930B4300BC9D5B /* Resources */ = {
			isa = PBXResourcesBuildPhase;
			buildActionMask = 2147483647;
			files = (
			);
			runOnlyForDeploymentPostprocessing = 0;
		};
		DE61FA6220930B4300BC9D5B /* Resources */ = {
			isa = PBXResourcesBuildPhase;
			buildActionMask = 2147483647;
			files = (
			);
			runOnlyForDeploymentPostprocessing = 0;
		};
/* End PBXResourcesBuildPhase section */

/* Begin PBXSourcesBuildPhase section */
		DE61FA4120930B4300BC9D5B /* Sources */ = {
			isa = PBXSourcesBuildPhase;
			buildActionMask = 2147483647;
			files = (
				DE61FA4B20930B4300BC9D5B /* ViewController.swift in Sources */,
				DE61FA4920930B4300BC9D5B /* AppDelegate.swift in Sources */,
			);
			runOnlyForDeploymentPostprocessing = 0;
		};
		DE61FA5520930B4300BC9D5B /* Sources */ = {
			isa = PBXSourcesBuildPhase;
			buildActionMask = 2147483647;
			files = (
				DE61FA5E20930B4300BC9D5B /* GitTestTests.swift in Sources */,
			);
			runOnlyForDeploymentPostprocessing = 0;
		};
		DE61FA6020930B4300BC9D5B /* Sources */ = {
			isa = PBXSourcesBuildPhase;
			buildActionMask = 2147483647;
			files = (
				DE61FA6920930B4300BC9D5B /* GitTestUITests.swift in Sources */,
			);
			runOnlyForDeploymentPostprocessing = 0;
		};
/* End PBXSourcesBuildPhase section */

/* Begin PBXTargetDependency section */
		DE61FA5B20930B4300BC9D5B /* PBXTargetDependency */ = {
			isa = PBXTargetDependency;
			target = DE61FA4420930B4300BC9D5B /* GitTest */;
			targetProxy = DE61FA5A20930B4300BC9D5B /* PBXContainerItemProxy */;
		};
		DE61FA6620930B4300BC9D5B /* PBXTargetDependency */ = {
			isa = PBXTargetDependency;
			target = DE61FA4420930B4300BC9D5B /* GitTest */;
			targetProxy = DE61FA6520930B4300BC9D5B /* PBXContainerItemProxy */;
		};
/* End PBXTargetDependency section */

/* Begin PBXVariantGroup section */
		DE61FA4C20930B4300BC9D5B /* Main.storyboard */ = {
			isa = PBXVariantGroup;
			children = (
				DE61FA4D20930B4300BC9D5B /* Base */,
			);
			name = Main.storyboard;
			sourceTree = "<group>";
		};
		DE61FA5120930B4300BC9D5B /* LaunchScreen.storyboard */ = {
			isa = PBXVariantGroup;
			children = (
				DE61FA5220930B4300BC9D5B /* Base */,
			);
			name = LaunchScreen.storyboard;
			sourceTree = "<group>";
		};
/* End PBXVariantGroup section */

/* Begin XCBuildConfiguration section */
		DE61FA6B20930B4300BC9D5B /* Debug */ = {
			isa = XCBuildConfiguration;
			buildSettings = {
				ALWAYS_SEARCH_USER_PATHS = NO;
				CLANG_ANALYZER_NONNULL = YES;
				CLANG_ANALYZER_NUMBER_OBJECT_CONVERSION = YES_AGGRESSIVE;
				CLANG_CXX_LANGUAGE_STANDARD = "gnu++14";
				CLANG_CXX_LIBRARY = "libc++";
				CLANG_ENABLE_MODULES = YES;
				CLANG_ENABLE_OBJC_ARC = YES;
				CLANG_WARN_BLOCK_CAPTURE_AUTORELEASING = YES;
				CLANG_WARN_BOOL_CONVERSION = YES;
				CLANG_WARN_COMMA = YES;
				CLANG_WARN_CONSTANT_CONVERSION = YES;
				CLANG_WARN_DIRECT_OBJC_ISA_USAGE = YES_ERROR;
				CLANG_WARN_DOCUMENTATION_COMMENTS = YES;
				CLANG_WARN_EMPTY_BODY = YES;
				CLANG_WARN_ENUM_CONVERSION = YES;
				CLANG_WARN_INFINITE_RECURSION = YES;
				CLANG_WARN_INT_CONVERSION = YES;
				CLANG_WARN_NON_LITERAL_NULL_CONVERSION = YES;
				CLANG_WARN_OBJC_LITERAL_CONVERSION = YES;
				CLANG_WARN_OBJC_ROOT_CLASS = YES_ERROR;
				CLANG_WARN_RANGE_LOOP_ANALYSIS = YES;
				CLANG_WARN_STRICT_PROTOTYPES = YES;
				CLANG_WARN_SUSPICIOUS_MOVE = YES;
				CLANG_WARN_UNGUARDED_AVAILABILITY = YES_AGGRESSIVE;
				CLANG_WARN_UNREACHABLE_CODE = YES;
				CLANG_WARN__DUPLICATE_METHOD_MATCH = YES;
				CODE_SIGN_IDENTITY = "iPhone Developer";
				COPY_PHASE_STRIP = NO;
				DEBUG_INFORMATION_FORMAT = dwarf;
				ENABLE_STRICT_OBJC_MSGSEND = YES;
				ENABLE_TESTABILITY = YES;
				GCC_C_LANGUAGE_STANDARD = gnu11;
				GCC_DYNAMIC_NO_PIC = NO;
				GCC_NO_COMMON_BLOCKS = YES;
				GCC_OPTIMIZATION_LEVEL = 0;
				GCC_PREPROCESSOR_DEFINITIONS = (
					"DEBUG=1",
					"$(inherited)",
				);
				GCC_WARN_64_TO_32_BIT_CONVERSION = YES;
				GCC_WARN_ABOUT_RETURN_TYPE = YES_ERROR;
				GCC_WARN_UNDECLARED_SELECTOR = YES;
				GCC_WARN_UNINITIALIZED_AUTOS = YES_AGGRESSIVE;
				GCC_WARN_UNUSED_FUNCTION = YES;
				GCC_WARN_UNUSED_VARIABLE = YES;
				IPHONEOS_DEPLOYMENT_TARGET = 11.2;
				MTL_ENABLE_DEBUG_INFO = YES;
				ONLY_ACTIVE_ARCH = YES;
				SDKROOT = iphoneos;
				SWIFT_ACTIVE_COMPILATION_CONDITIONS = DEBUG;
				SWIFT_OPTIMIZATION_LEVEL = "-Onone";
			};
			name = Debug;
		};
		DE61FA6C20930B4300BC9D5B /* Release */ = {
			isa = XCBuildConfiguration;
			buildSettings = {
				ALWAYS_SEARCH_USER_PATHS = NO;
				CLANG_ANALYZER_NONNULL = YES;
				CLANG_ANALYZER_NUMBER_OBJECT_CONVERSION = YES_AGGRESSIVE;
				CLANG_CXX_LANGUAGE_STANDARD = "gnu++14";
				CLANG_CXX_LIBRARY = "libc++";
				CLANG_ENABLE_MODULES = YES;
				CLANG_ENABLE_OBJC_ARC = YES;
				CLANG_WARN_BLOCK_CAPTURE_AUTORELEASING = YES;
				CLANG_WARN_BOOL_CONVERSION = YES;
				CLANG_WARN_COMMA = YES;
				CLANG_WARN_CONSTANT_CONVERSION = YES;
				CLANG_WARN_DIRECT_OBJC_ISA_USAGE = YES_ERROR;
				CLANG_WARN_DOCUMENTATION_COMMENTS = YES;
				CLANG_WARN_EMPTY_BODY = YES;
				CLANG_WARN_ENUM_CONVERSION = YES;
				CLANG_WARN_INFINITE_RECURSION = YES;
				CLANG_WARN_INT_CONVERSION = YES;
				CLANG_WARN_NON_LITERAL_NULL_CONVERSION = YES;
				CLANG_WARN_OBJC_LITERAL_CONVERSION = YES;
				CLANG_WARN_OBJC_ROOT_CLASS = YES_ERROR;
				CLANG_WARN_RANGE_LOOP_ANALYSIS = YES;
				CLANG_WARN_STRICT_PROTOTYPES = YES;
				CLANG_WARN_SUSPICIOUS_MOVE = YES;
				CLANG_WARN_UNGUARDED_AVAILABILITY = YES_AGGRESSIVE;
				CLANG_WARN_UNREACHABLE_CODE = YES;
				CLANG_WARN__DUPLICATE_METHOD_MATCH = YES;
				CODE_SIGN_IDENTITY = "iPhone Developer";
				COPY_PHASE_STRIP = NO;
				DEBUG_INFORMATION_FORMAT = "dwarf-with-dsym";
				ENABLE_NS_ASSERTIONS = NO;
				ENABLE_STRICT_OBJC_MSGSEND = YES;
				GCC_C_LANGUAGE_STANDARD = gnu11;
				GCC_NO_COMMON_BLOCKS = YES;
				GCC_WARN_64_TO_32_BIT_CONVERSION = YES;
				GCC_WARN_ABOUT_RETURN_TYPE = YES_ERROR;
				GCC_WARN_UNDECLARED_SELECTOR = YES;
				GCC_WARN_UNINITIALIZED_AUTOS = YES_AGGRESSIVE;
				GCC_WARN_UNUSED_FUNCTION = YES;
				GCC_WARN_UNUSED_VARIABLE = YES;
				IPHONEOS_DEPLOYMENT_TARGET = 11.2;
				MTL_ENABLE_DEBUG_INFO = NO;
				SDKROOT = iphoneos;
				SWIFT_OPTIMIZATION_LEVEL = "-Owholemodule";
				VALIDATE_PRODUCT = YES;
			};
			name = Release;
		};
		DE61FA6E20930B4300BC9D5B /* Debug */ = {
			isa = XCBuildConfiguration;
			buildSettings = {
				ASSETCATALOG_COMPILER_APPICON_NAME = AppIcon;
				CODE_SIGN_STYLE = Automatic;
				INFOPLIST_FILE = GitTest/Info.plist;
				LD_RUNPATH_SEARCH_PATHS = "$(inherited) @executable_path/Frameworks";
				PRODUCT_BUNDLE_IDENTIFIER = com.tianji.GitTest;
				PRODUCT_NAME = "$(TARGET_NAME)";
				SWIFT_VERSION = 4.0;
				TARGETED_DEVICE_FAMILY = "1,2";
			};
			name = Debug;
		};
		DE61FA6F20930B4300BC9D5B /* Release */ = {
			isa = XCBuildConfiguration;
			buildSettings = {
				ASSETCATALOG_COMPILER_APPICON_NAME = AppIcon;
				CODE_SIGN_STYLE = Automatic;
				INFOPLIST_FILE = GitTest/Info.plist;
				LD_RUNPATH_SEARCH_PATHS = "$(inherited) @executable_path/Frameworks";
				PRODUCT_BUNDLE_IDENTIFIER = com.tianji.GitTest;
				PRODUCT_NAME = "$(TARGET_NAME)";
				SWIFT_VERSION = 4.0;
				TARGETED_DEVICE_FAMILY = "1,2";
			};
			name = Release;
		};
		DE61FA7120930B4300BC9D5B /* Debug */ = {
			isa = XCBuildConfiguration;
			buildSettings = {
				ALWAYS_EMBED_SWIFT_STANDARD_LIBRARIES = YES;
				BUNDLE_LOADER = "$(TEST_HOST)";
				CODE_SIGN_STYLE = Automatic;
				INFOPLIST_FILE = GitTestTests/Info.plist;
				LD_RUNPATH_SEARCH_PATHS = "$(inherited) @executable_path/Frameworks @loader_path/Frameworks";
				PRODUCT_BUNDLE_IDENTIFIER = com.tianji.GitTestTests;
				PRODUCT_NAME = "$(TARGET_NAME)";
				SWIFT_VERSION = 4.0;
				TARGETED_DEVICE_FAMILY = "1,2";
				TEST_HOST = "$(BUILT_PRODUCTS_DIR)/GitTest.app/GitTest";
			};
			name = Debug;
		};
		DE61FA7220930B4300BC9D5B /* Release */ = {
			isa = XCBuildConfiguration;
			buildSettings = {
				ALWAYS_EMBED_SWIFT_STANDARD_LIBRARIES = YES;
				BUNDLE_LOADER = "$(TEST_HOST)";
				CODE_SIGN_STYLE = Automatic;
				INFOPLIST_FILE = GitTestTests/Info.plist;
				LD_RUNPATH_SEARCH_PATHS = "$(inherited) @executable_path/Frameworks @loader_path/Frameworks";
				PRODUCT_BUNDLE_IDENTIFIER = com.tianji.GitTestTests;
				PRODUCT_NAME = "$(TARGET_NAME)";
				SWIFT_VERSION = 4.0;
				TARGETED_DEVICE_FAMILY = "1,2";
				TEST_HOST = "$(BUILT_PRODUCTS_DIR)/GitTest.app/GitTest";
			};
			name = Release;
		};
		DE61FA7420930B4300BC9D5B /* Debug */ = {
			isa = XCBuildConfiguration;
			buildSettings = {
				ALWAYS_EMBED_SWIFT_STANDARD_LIBRARIES = YES;
				CODE_SIGN_STYLE = Automatic;
				INFOPLIST_FILE = GitTestUITests/Info.plist;
				LD_RUNPATH_SEARCH_PATHS = "$(inherited) @executable_path/Frameworks @loader_path/Frameworks";
				PRODUCT_BUNDLE_IDENTIFIER = com.tianji.GitTestUITests;
				PRODUCT_NAME = "$(TARGET_NAME)";
				SWIFT_VERSION = 4.0;
				TARGETED_DEVICE_FAMILY = "1,2";
				TEST_TARGET_NAME = GitTest;
			};
			name = Debug;
		};
		DE61FA7520930B4300BC9D5B /* Release */ = {
			isa = XCBuildConfiguration;
			buildSettings = {
				ALWAYS_EMBED_SWIFT_STANDARD_LIBRARIES = YES;
				CODE_SIGN_STYLE = Automatic;
				INFOPLIST_FILE = GitTestUITests/Info.plist;
				LD_RUNPATH_SEARCH_PATHS = "$(inherited) @executable_path/Frameworks @loader_path/Frameworks";
				PRODUCT_BUNDLE_IDENTIFIER = com.tianji.GitTestUITests;
				PRODUCT_NAME = "$(TARGET_NAME)";
				SWIFT_VERSION = 4.0;
				TARGETED_DEVICE_FAMILY = "1,2";
				TEST_TARGET_NAME = GitTest;
			};
			name = Release;
		};
/* End XCBuildConfiguration section */

/* Begin XCConfigurationList section */
		DE61FA4020930B4300BC9D5B /* Build configuration list for PBXProject "GitTest" */ = {
			isa = XCConfigurationList;
			buildConfigurations = (
				DE61FA6B20930B4300BC9D5B /* Debug */,
				DE61FA6C20930B4300BC9D5B /* Release */,
			);
			defaultConfigurationIsVisible = 0;
			defaultConfigurationName = Release;
		};
		DE61FA6D20930B4300BC9D5B /* Build configuration list for PBXNativeTarget "GitTest" */ = {
			isa = XCConfigurationList;
			buildConfigurations = (
				DE61FA6E20930B4300BC9D5B /* Debug */,
				DE61FA6F20930B4300BC9D5B /* Release */,
			);
			defaultConfigurationIsVisible = 0;
			defaultConfigurationName = Release;
		};
		DE61FA7020930B4300BC9D5B /* Build configuration list for PBXNativeTarget "GitTestTests" */ = {
			isa = XCConfigurationList;
			buildConfigurations = (
				DE61FA7120930B4300BC9D5B /* Debug */,
				DE61FA7220930B4300BC9D5B /* Release */,
			);
			defaultConfigurationIsVisible = 0;
			defaultConfigurationName = Release;
		};
		DE61FA7320930B4300BC9D5B /* Build configuration list for PBXNativeTarget "GitTestUITests" */ = {
			isa = XCConfigurationList;
			buildConfigurations = (
				DE61FA7420930B4300BC9D5B /* Debug */,
				DE61FA7520930B4300BC9D5B /* Release */,
			);
			defaultConfigurationIsVisible = 0;
			defaultConfigurationName = Release;
		};
/* End XCConfigurationList section */
	};
	rootObject = DE61FA3D20930B4300BC9D5B /* Project object */;
}
